
Microsoft Visual Studio Solution File, Format Version 12.00
# Visual Studio Version 16
VisualStudioVersion = 16.0.28729.10
MinimumVisualStudioVersion = 10.0.40219.1
Project("{FAE04EC0-301F-11D3-BF4B-00C04F79EFBC}") = "AsyncTest", "AsyncTest\AsyncTest.csproj", "{81F215CD-4060-457C-ABA6-51718D4A57EF}"
EndProject
Global
	GlobalSection(SolutionConfigurationPlatforms) = preSolution
		Debug|Any CPU = Debug|Any CPU
		Release|Any CPU = Release|Any CPU
	EndGlobalSection
	GlobalSection(ProjectConfigurationPlatforms) = postSolution
		{81F215CD-4060-457C-ABA6-51718D4A57EF}.Debug|Any CPU.ActiveCfg = Debug|Any CPU
		{81F215CD-4060-457C-ABA6-51718D4A57EF}.Debug|Any CPU.Build.0 = Debug|Any CPU
		{81F215CD-4060-457C-ABA6-51718D4A57EF}.Release|Any CPU.ActiveCfg = Release|Any CPU
		{81F215CD-4060-457C-ABA6-51718D4A57EF}.Release|Any CPU.Build.0 = Release|Any CPU
	EndGlobalSection
	GlobalSection(SolutionProperties) = preSolution
		HideSolutionNode = FALSE
	EndGlobalSection
	GlobalSection(ExtensibilityGlobals) = postSolution
		SolutionGuid = {CBA5EF87-D76A-45D4-8294-C1751FB666F2}
	EndGlobalSection
EndGlobal
